// !$*UTF8*$!
{
	archiveVersion = 1;
	classes = {
	};
	objectVersion = 46;
	objects = {

/* Begin PBXBuildFile section */
		812A80101BCF938D00A12E2D /* main.m in Sources */ = {isa = PBXBuildFile; fileRef = 812A800F1BCF938D00A12E2D /* main.m */; };
		812A80131BCF938D00A12E2D /* AppDelegate.m in Sources */ = {isa = PBXBuildFile; fileRef = 812A80121BCF938D00A12E2D /* AppDelegate.m */; };
		812A80161BCF938D00A12E2D /* ViewController.m in Sources */ = {isa = PBXBuildFile; fileRef = 812A80151BCF938D00A12E2D /* ViewController.m */; };
		812A80191BCF938D00A12E2D /* Main.storyboard in Resources */ = {isa = PBXBuildFile; fileRef = 812A80171BCF938D00A12E2D /* Main.storyboard */; };
		812A801B1BCF938D00A12E2D /* Images.xcassets in Resources */ = {isa = PBXBuildFile; fileRef = 812A801A1BCF938D00A12E2D /* Images.xcassets */; };
		812A801E1BCF938D00A12E2D /* LaunchScreen.xib in Resources */ = {isa = PBXBuildFile; fileRef = 812A801C1BCF938D00A12E2D /* LaunchScreen.xib */; };
		812A802A1BCF938D00A12E2D /* percentTests.m in Sources */ = {isa = PBXBuildFile; fileRef = 812A80291BCF938D00A12E2D /* percentTests.m */; };
		812A80361BCF99DF00A12E2D /* SDPieLoopProgressView.m in Sources */ = {isa = PBXBuildFile; fileRef = 812A80351BCF99DF00A12E2D /* SDPieLoopProgressView.m */; };
/* End PBXBuildFile section */

/* Begin PBXContainerItemProxy section */
		812A80241BCF938D00A12E2D /* PBXContainerItemProxy */ = {
			isa = PBXContainerItemProxy;
			containerPortal = 812A80021BCF938D00A12E2D /* Project object */;
			proxyType = 1;
			remoteGlobalIDString = 812A80091BCF938D00A12E2D;
			remoteInfo = percent;
		};
/* End PBXContainerItemProxy section */

/* Begin PBXFileReference section */
		812A800A1BCF938D00A12E2D /* percent.app */ = {isa = PBXFileReference; explicitFileType = wrapper.application; includeInIndex = 0; path = percent.app; sourceTree = BUILT_PRODUCTS_DIR; };
		812A800E1BCF938D00A12E2D /* Info.plist */ = {isa = PBXFileReference; lastKnownFileType = text.plist.xml; path = Info.plist; sourceTree = "<group>"; };
		812A800F1BCF938D00A12E2D /* main.m */ = {isa = PBXFileReference; lastKnownFileType = sourcecode.c.objc; path = main.m; sourceTree = "<group>"; };
		812A80111BCF938D00A12E2D /* AppDelegate.h */ = {isa = PBXFileReference; lastKnownFileType = sourcecode.c.h; path = AppDelegate.h; sourceTree = "<group>"; };
		812A80121BCF938D00A12E2D /* AppDelegate.m */ = {isa = PBXFileReference; lastKnownFileType = sourcecode.c.objc; path = AppDelegate.m; sourceTree = "<group>"; };
		812A80141BCF938D00A12E2D /* ViewController.h */ = {isa = PBXFileReference; lastKnownFileType = sourcecode.c.h; path = ViewController.h; sourceTree = "<group>"; };
		812A80151BCF938D00A12E2D /* ViewController.m */ = {isa = PBXFileReference; lastKnownFileType = sourcecode.c.objc; path = ViewController.m; sourceTree = "<group>"; };
		812A80181BCF938D00A12E2D /* Base */ = {isa = PBXFileReference; lastKnownFileType = file.storyboard; name = Base; path = Base.lproj/Main.storyboard; sourceTree = "<group>"; };
		812A801A1BCF938D00A12E2D /* Images.xcassets */ = {isa = PBXFileReference; lastKnownFileType = folder.assetcatalog; path = Images.xcassets; sourceTree = "<group>"; };
		812A801D1BCF938D00A12E2D /* Base */ = {isa = PBXFileReference; lastKnownFileType = file.xib; name = Base; path = Base.lproj/LaunchScreen.xib; sourceTree = "<group>"; };
		812A80231BCF938D00A12E2D /* percentTests.xctest */ = {isa = PBXFileReference; explicitFileType = wrapper.cfbundle; includeInIndex = 0; path = percentTests.xctest; sourceTree = BUILT_PRODUCTS_DIR; };
		812A80281BCF938D00A12E2D /* Info.plist */ = {isa = PBXFileReference; lastKnownFileType = text.plist.xml; path = Info.plist; sourceTree = "<group>"; };
		812A80291BCF938D00A12E2D /* percentTests.m */ = {isa = PBXFileReference; lastKnownFileType = sourcecode.c.objc; path = percentTests.m; sourceTree = "<group>"; };
		812A80341BCF99DF00A12E2D /* SDPieLoopProgressView.h */ = {isa = PBXFileReference; fileEncoding = 4; lastKnownFileType = sourcecode.c.h; path = SDPieLoopProgressView.h; sourceTree = "<group>"; };
		812A80351BCF99DF00A12E2D /* SDPieLoopProgressView.m */ = {isa = PBXFileReference; fileEncoding = 4; lastKnownFileType = sourcecode.c.objc; path = SDPieLoopProgressView.m; sourceTree = "<group>"; };
/* End PBXFileReference section */

/* Begin PBXFrameworksBuildPhase section */
		812A80071BCF938D00A12E2D /* Frameworks */ = {
			isa = PBXFrameworksBuildPhase;
			buildActionMask = 2147483647;
			files = (
			);
			runOnlyForDeploymentPostprocessing = 0;
		};
		812A80201BCF938D00A12E2D /* Frameworks */ = {
			isa = PBXFrameworksBuildPhase;
			buildActionMask = 2147483647;
			files = (
			);
			runOnlyForDeploymentPostprocessing = 0;
		};
/* End PBXFrameworksBuildPhase section */

/* Begin PBXGroup section */
		812A80011BCF938D00A12E2D = {
			isa = PBXGroup;
			children = (
				812A800C1BCF938D00A12E2D /* percent */,
				812A80261BCF938D00A12E2D /* percentTests */,
				812A800B1BCF938D00A12E2D /* Products */,
			);
			sourceTree = "<group>";
		};
		812A800B1BCF938D00A12E2D /* Products */ = {
			isa = PBXGroup;
			children = (
				812A800A1BCF938D00A12E2D /* percent.app */,
				812A80231BCF938D00A12E2D /* percentTests.xctest */,
			);
			name = Products;
			sourceTree = "<group>";
		};
		812A800C1BCF938D00A12E2D /* percent */ = {
			isa = PBXGroup;
			children = (
				812A80331BCF99DF00A12E2D /* asd */,
				812A80111BCF938D00A12E2D /* AppDelegate.h */,
				812A80121BCF938D00A12E2D /* AppDelegate.m */,
				812A80141BCF938D00A12E2D /* ViewController.h */,
				812A80151BCF938D00A12E2D /* ViewController.m */,
				812A80171BCF938D00A12E2D /* Main.storyboard */,
				812A801A1BCF938D00A12E2D /* Images.xcassets */,
				812A801C1BCF938D00A12E2D /* LaunchScreen.xib */,
				812A800D1BCF938D00A12E2D /* Supporting Files */,
			);
			path = percent;
			sourceTree = "<group>";
		};
		812A800D1BCF938D00A12E2D /* Supporting Files */ = {
			isa = PBXGroup;
			children = (
				812A800E1BCF938D00A12E2D /* Info.plist */,
				812A800F1BCF938D00A12E2D /* main.m */,
			);
			name = "Supporting Files";
			sourceTree = "<group>";
		};
		812A80261BCF938D00A12E2D /* percentTests */ = {
			isa = PBXGroup;
			children = (
				812A80291BCF938D00A12E2D /* percentTests.m */,
				812A80271BCF938D00A12E2D /* Supporting Files */,
			);
			path = percentTests;
			sourceTree = "<group>";
		};
		812A80271BCF938D00A12E2D /* Supporting Files */ = {
			isa = PBXGroup;
			children = (
				812A80281BCF938D00A12E2D /* Info.plist */,
			);
			name = "Supporting Files";
			sourceTree = "<group>";
		};
		812A80331BCF99DF00A12E2D /* asd */ = {
			isa = PBXGroup;
			children = (
				812A80341BCF99DF00A12E2D /* SDPieLoopProgressView.h */,
				812A80351BCF99DF00A12E2D /* SDPieLoopProgressView.m */,
			);
			path = asd;
			sourceTree = "<group>";
		};
/* End PBXGroup section */

/* Begin PBXNativeTarget section */
		812A80091BCF938D00A12E2D /* percent */ = {
			isa = PBXNativeTarget;
			buildConfigurationList = 812A802D1BCF938D00A12E2D /* Build configuration list for PBXNativeTarget "percent" */;
			buildPhases = (
				812A80061BCF938D00A12E2D /* Sources */,
				812A80071BCF938D00A12E2D /* Frameworks */,
				812A80081BCF938D00A12E2D /* Resources */,
			);
			buildRules = (
			);
			dependencies = (
			);
			name = percent;
			productName = percent;
			productReference = 812A800A1BCF938D00A12E2D /* percent.app */;
			productType = "com.apple.product-type.application";
		};
		812A80221BCF938D00A12E2D /* percentTests */ = {
			isa = PBXNativeTarget;
			buildConfigurationList = 812A80301BCF938D00A12E2D /* Build configuration list for PBXNativeTarget "percentTests" */;
			buildPhases = (
				812A801F1BCF938D00A12E2D /* Sources */,
				812A80201BCF938D00A12E2D /* Frameworks */,
				812A80211BCF938D00A12E2D /* Resources */,
			);
			buildRules = (
			);
			dependencies = (
				812A80251BCF938D00A12E2D /* PBXTargetDependency */,
			);
			name = percentTests;
			productName = percentTests;
			productReference = 812A80231BCF938D00A12E2D /* percentTests.xctest */;
			productType = "com.apple.product-type.bundle.unit-test";
		};
/* End PBXNativeTarget section */

/* Begin PBXProject section */
		812A80021BCF938D00A12E2D /* Project object */ = {
			isa = PBXProject;
			attributes = {
				LastUpgradeCheck = 0640;
				ORGANIZATIONNAME = "杨铭星";
				TargetAttributes = {
					812A80091BCF938D00A12E2D = {
						CreatedOnToolsVersion = 6.4;
					};
					812A80221BCF938D00A12E2D = {
						CreatedOnToolsVersion = 6.4;
						TestTargetID = 812A80091BCF938D00A12E2D;
					};
				};
			};
			buildConfigurationList = 812A80051BCF938D00A12E2D /* Build configuration list for PBXProject "percent" */;
			compatibilityVersion = "Xcode 3.2";
			developmentRegion = English;
			hasScannedForEncodings = 0;
			knownRegions = (
				en,
				Base,
			);
			mainGroup = 812A80011BCF938D00A12E2D;
			productRefGroup = 812A800B1BCF938D00A12E2D /* Products */;
			projectDirPath = "";
			projectRoot = "";
			targets = (
				812A80091BCF938D00A12E2D /* percent */,
				812A80221BCF938D00A12E2D /* percentTests */,
			);
		};
/* End PBXProject section */

/* Begin PBXResourcesBuildPhase section */
		812A80081BCF938D00A12E2D /* Resources */ = {
			isa = PBXResourcesBuildPhase;
			buildActionMask = 2147483647;
			files = (
				812A80191BCF938D00A12E2D /* Main.storyboard in Resources */,
				812A801E1BCF938D00A12E2D /* LaunchScreen.xib in Resources */,
				812A801B1BCF938D00A12E2D /* Images.xcassets in Resources */,
			);
			runOnlyForDeploymentPostprocessing = 0;
		};
		812A80211BCF938D00A12E2D /* Resources */ = {
			isa = PBXResourcesBuildPhase;
			buildActionMask = 2147483647;
			files = (
			);
			runOnlyForDeploymentPostprocessing = 0;
		};
/* End PBXResourcesBuildPhase section */

/* Begin PBXSourcesBuildPhase section */
		812A80061BCF938D00A12E2D /* Sources */ = {
			isa = PBXSourcesBuildPhase;
			buildActionMask = 2147483647;
			files = (
				812A80161BCF938D00A12E2D /* ViewController.m in Sources */,
				812A80361BCF99DF00A12E2D /* SDPieLoopProgressView.m in Sources */,
				812A80131BCF938D00A12E2D /* AppDelegate.m in Sources */,
				812A80101BCF938D00A12E2D /* main.m in Sources */,
			);
			runOnlyForDeploymentPostprocessing = 0;
		};
		812A801F1BCF938D00A12E2D /* Sources */ = {
			isa = PBXSourcesBuildPhase;
			buildActionMask = 2147483647;
			files = (
				812A802A1BCF938D00A12E2D /* percentTests.m in Sources */,
			);
			runOnlyForDeploymentPostprocessing = 0;
		};
/* End PBXSourcesBuildPhase section */

/* Begin PBXTargetDependency section */
		812A80251BCF938D00A12E2D /* PBXTargetDependency */ = {
			isa = PBXTargetDependency;
			target = 812A80091BCF938D00A12E2D /* percent */;
			targetProxy = 812A80241BCF938D00A12E2D /* PBXContainerItemProxy */;
		};
/* End PBXTargetDependency section */

/* Begin PBXVariantGroup section */
		812A80171BCF938D00A12E2D /* Main.storyboard */ = {
			isa = PBXVariantGroup;
			children = (
				812A80181BCF938D00A12E2D /* Base */,
			);
			name = Main.storyboard;
			sourceTree = "<group>";
		};
		812A801C1BCF938D00A12E2D /* LaunchScreen.xib */ = {
			isa = PBXVariantGroup;
			children = (
				812A801D1BCF938D00A12E2D /* Base */,
			);
			name = LaunchScreen.xib;
			sourceTree = "<group>";
		};
/* End PBXVariantGroup section */

/* Begin XCBuildConfiguration section */
		812A802B1BCF938D00A12E2D /* Debug */ = {
			isa = XCBuildConfiguration;
			buildSettings = {
				ALWAYS_SEARCH_USER_PATHS = NO;
				CLANG_CXX_LANGUAGE_STANDARD = "gnu++0x";
				CLANG_CXX_LIBRARY = "libc++";
				CLANG_ENABLE_MODULES = YES;
				CLANG_ENABLE_OBJC_ARC = YES;
				CLANG_WARN_BOOL_CONVERSION = YES;
				CLANG_WARN_CONSTANT_CONVERSION = YES;
				CLANG_WARN_DIRECT_OBJC_ISA_USAGE = YES_ERROR;
				CLANG_WARN_EMPTY_BODY = YES;
				CLANG_WARN_ENUM_CONVERSION = YES;
				CLANG_WARN_INT_CONVERSION = YES;
				CLANG_WARN_OBJC_ROOT_CLASS = YES_ERROR;
				CLANG_WARN_UNREACHABLE_CODE = YES;
				CLANG_WARN__DUPLICATE_METHOD_MATCH = YES;
				"CODE_SIGN_IDENTITY[sdk=iphoneos*]" = "iPhone Developer";
				COPY_PHASE_STRIP = NO;
				DEBUG_INFORMATION_FORMAT = "dwarf-with-dsym";
				ENABLE_STRICT_OBJC_MSGSEND = YES;
				GCC_C_LANGUAGE_STANDARD = gnu99;
				GCC_DYNAMIC_NO_PIC = NO;
				GCC_NO_COMMON_BLOCKS = YES;
				GCC_OPTIMIZATION_LEVEL = 0;
				GCC_PREPROCESSOR_DEFINITIONS = (
					"DEBUG=1",
					"$(inherited)",
				);
				GCC_SYMBOLS_PRIVATE_EXTERN = NO;
				GCC_WARN_64_TO_32_BIT_CONVERSION = YES;
				GCC_WARN_ABOUT_RETURN_TYPE = YES_ERROR;
				GCC_WARN_UNDECLARED_SELECTOR = YES;
				GCC_WARN_UNINITIALIZED_AUTOS = YES_AGGRESSIVE;
				GCC_WARN_UNUSED_FUNCTION = YES;
				GCC_WARN_UNUSED_VARIABLE = YES;
				IPHONEOS_DEPLOYMENT_TARGET = 8.4;
				MTL_ENABLE_DEBUG_INFO = YES;
				ONLY_ACTIVE_ARCH = YES;
				SDKROOT = iphoneos;
			};
			name = Debug;
		};
		812A802C1BCF938D00A12E2D /* Release */ = {
			isa = XCBuildConfiguration;
			buildSettings = {
				ALWAYS_SEARCH_USER_PATHS = NO;
				CLANG_CXX_LANGUAGE_STANDARD = "gnu++0x";
				CLANG_CXX_LIBRARY = "libc++";
				CLANG_ENABLE_MODULES = YES;
				CLANG_ENABLE_OBJC_ARC = YES;
				CLANG_WARN_BOOL_CONVERSION = YES;
				CLANG_WARN_CONSTANT_CONVERSION = YES;
				CLANG_WARN_DIRECT_OBJC_ISA_USAGE = YES_ERROR;
				CLANG_WARN_EMPTY_BODY = YES;
				CLANG_WARN_ENUM_CONVERSION = YES;
				CLANG_WARN_INT_CONVERSION = YES;
				CLANG_WARN_OBJC_ROOT_CLASS = YES_ERROR;
				CLANG_WARN_UNREACHABLE_CODE = YES;
				CLANG_WARN__DUPLICATE_METHOD_MATCH = YES;
				"CODE_SIGN_IDENTITY[sdk=iphoneos*]" = "iPhone Developer";
				COPY_PHASE_STRIP = NO;
				DEBUG_INFORMATION_FORMAT = "dwarf-with-dsym";
				ENABLE_NS_ASSERTIONS = NO;
				ENABLE_STRICT_OBJC_MSGSEND = YES;
				GCC_C_LANGUAGE_STANDARD = gnu99;
				GCC_NO_COMMON_BLOCKS = YES;
				GCC_WARN_64_TO_32_BIT_CONVERSION = YES;
				GCC_WARN_ABOUT_RETURN_TYPE = YES_ERROR;
				GCC_WARN_UNDECLARED_SELECTOR = YES;
				GCC_WARN_UNINITIALIZED_AUTOS = YES_AGGRESSIVE;
				GCC_WARN_UNUSED_FUNCTION = YES;
				GCC_WARN_UNUSED_VARIABLE = YES;
				IPHONEOS_DEPLOYMENT_TARGET = 8.4;
				MTL_ENABLE_DEBUG_INFO = NO;
				SDKROOT = iphoneos;
				VALIDATE_PRODUCT = YES;
			};
			name = Release;
		};
		812A802E1BCF938D00A12E2D /* Debug */ = {
			isa = XCBuildConfiguration;
			buildSettings = {
				ASSETCATALOG_COMPILER_APPICON_NAME = AppIcon;
				INFOPLIST_FILE = percent/Info.plist;
				LD_RUNPATH_SEARCH_PATHS = "$(inherited) @executable_path/Frameworks";
				PRODUCT_NAME = "$(TARGET_NAME)";
			};
			name = Debug;
		};
		812A802F1BCF938D00A12E2D /* Release */ = {
			isa = XCBuildConfiguration;
			buildSettings = {
				ASSETCATALOG_COMPILER_APPICON_NAME = AppIcon;
				INFOPLIST_FILE = percent/Info.plist;
				LD_RUNPATH_SEARCH_PATHS = "$(inherited) @executable_path/Frameworks";
				PRODUCT_NAME = "$(TARGET_NAME)";
			};
			name = Release;
		};
		812A80311BCF938D00A12E2D /* Debug */ = {
			isa = XCBuildConfiguration;
			buildSettings = {
				BUNDLE_LOADER = "$(TEST_HOST)";
				FRAMEWORK_SEARCH_PATHS = (
					"$(SDKROOT)/Developer/Library/Frameworks",
					"$(inherited)",
				);
				GCC_PREPROCESSOR_DEFINITIONS = (
					"DEBUG=1",
					"$(inherited)",
				);
				INFOPLIST_FILE = percentTests/Info.plist;
				LD_RUNPATH_SEARCH_PATHS = "$(inherited) @executable_path/Frameworks @loader_path/Frameworks";
				PRODUCT_NAME = "$(TARGET_NAME)";
				TEST_HOST = "$(BUILT_PRODUCTS_DIR)/percent.app/percent";
			};
			name = Debug;
		};
		812A80321BCF938D00A12E2D /* Release */ = {
			isa = XCBuildConfiguration;
			buildSettings = {
				BUNDLE_LOADER = "$(TEST_HOST)";
				FRAMEWORK_SEARCH_PATHS = (
					"$(SDKROOT)/Developer/Library/Frameworks",
					"$(inherited)",
				);
				INFOPLIST_FILE = percentTests/Info.plist;
				LD_RUNPATH_SEARCH_PATHS = "$(inherited) @executable_path/Frameworks @loader_path/Frameworks";
				PRODUCT_NAME = "$(TARGET_NAME)";
				TEST_HOST = "$(BUILT_PRODUCTS_DIR)/percent.app/percent";
			};
			name = Release;
		};
/* End XCBuildConfiguration section */

/* Begin XCConfigurationList section */
		812A80051BCF938D00A12E2D /* Build configuration list for PBXProject "percent" */ = {
			isa = XCConfigurationList;
			buildConfigurations = (
				812A802B1BCF938D00A12E2D /* Debug */,
				812A802C1BCF938D00A12E2D /* Release */,
			);
			defaultConfigurationIsVisible = 0;
			defaultConfigurationName = Release;
		};
		812A802D1BCF938D00A12E2D /* Build configuration list for PBXNativeTarget "percent" */ = {
			isa = XCConfigurationList;
			buildConfigurations = (
				812A802E1BCF938D00A12E2D /* Debug */,
				812A802F1BCF938D00A12E2D /* Release */,
			);
			defaultConfigurationIsVisible = 0;
		};
		812A80301BCF938D00A12E2D /* Build configuration list for PBXNativeTarget "percentTests" */ = {
			isa = XCConfigurationList;
			buildConfigurations = (
				812A80311BCF938D00A12E2D /* Debug */,
				812A80321BCF938D00A12E2D /* Release */,
			);
			defaultConfigurationIsVisible = 0;
		};
/* End XCConfigurationList section */
	};
	rootObject = 812A80021BCF938D00A12E2D /* Project object */;
}
